
Microsoft Visual Studio Solution File, Format Version 12.00
# Visual Studio Version 17
VisualStudioVersion = 17.11.35327.3
MinimumVisualStudioVersion = 10.0.40219.1
Project("{FAE04EC0-301F-11D3-BF4B-00C04F79EFBC}") = "MoralesJeanLuc-ExamenProgreso", "MoralesJeanLuc-ExamenProgreso\MoralesJeanLuc-ExamenProgreso.csproj", "{34BA3B99-09CD-4F55-9F66-DD2DB2ECD7DC}"
EndProject
Global
	GlobalSection(SolutionConfigurationPlatforms) = preSolution
		Debug|Any CPU = Debug|Any CPU
		Release|Any CPU = Release|Any CPU
	EndGlobalSection
	GlobalSection(ProjectConfigurationPlatforms) = postSolution
		{34BA3B99-09CD-4F55-9F66-DD2DB2ECD7DC}.Debug|Any CPU.ActiveCfg = Debug|Any CPU
		{34BA3B99-09CD-4F55-9F66-DD2DB2ECD7DC}.Debug|Any CPU.Build.0 = Debug|Any CPU
		{34BA3B99-09CD-4F55-9F66-DD2DB2ECD7DC}.Release|Any CPU.ActiveCfg = Release|Any CPU
		{34BA3B99-09CD-4F55-9F66-DD2DB2ECD7DC}.Release|Any CPU.Build.0 = Release|Any CPU
	EndGlobalSection
	GlobalSection(SolutionProperties) = preSolution
		HideSolutionNode = FALSE
	EndGlobalSection
	GlobalSection(ExtensibilityGlobals) = postSolution
		SolutionGuid = {30EBC1DF-57D7-481C-A4D8-A6D47FA0B645}
	EndGlobalSection
EndGlobal
